
Microsoft Visual Studio Solution File, Format Version 12.00
# Visual Studio Version 16
VisualStudioVersion = 16.0.29424.173
MinimumVisualStudioVersion = 10.0.40219.1
Project("{FAE04EC0-301F-11D3-BF4B-00C04F79EFBC}") = "TicTacToeWF", "TicTacToeWF\TicTacToeWF.csproj", "{1D99C206-7033-4FF2-8A66-9123A0DC56CD}"
EndProject
Global
	GlobalSection(SolutionConfigurationPlatforms) = preSolution
		Debug|Any CPU = Debug|Any CPU
		Release|Any CPU = Release|Any CPU
	EndGlobalSection
	GlobalSection(ProjectConfigurationPlatforms) = postSolution
		{1D99C206-7033-4FF2-8A66-9123A0DC56CD}.Debug|Any CPU.ActiveCfg = Debug|Any CPU
		{1D99C206-7033-4FF2-8A66-9123A0DC56CD}.Debug|Any CPU.Build.0 = Debug|Any CPU
		{1D99C206-7033-4FF2-8A66-9123A0DC56CD}.Release|Any CPU.ActiveCfg = Release|Any CPU
		{1D99C206-7033-4FF2-8A66-9123A0DC56CD}.Release|Any CPU.Build.0 = Release|Any CPU
	EndGlobalSection
	GlobalSection(SolutionProperties) = preSolution
		HideSolutionNode = FALSE
	EndGlobalSection
	GlobalSection(ExtensibilityGlobals) = postSolution
		SolutionGuid = {76EA39E3-C4E4-4149-A2AE-DB963482D957}
	EndGlobalSection
EndGlobal
