
Microsoft Visual Studio Solution File, Format Version 12.00
# Visual Studio Version 16
VisualStudioVersion = 16.0.29001.49
MinimumVisualStudioVersion = 10.0.40219.1
Project("{FAE04EC0-301F-11D3-BF4B-00C04F79EFBC}") = "Taschenrechner", "Taschenrechner\Taschenrechner.csproj", "{65B33A81-DF5C-48B5-A765-0A90DDC54FFE}"
EndProject
Global
	GlobalSection(SolutionConfigurationPlatforms) = preSolution
		Debug|Any CPU = Debug|Any CPU
		Release|Any CPU = Release|Any CPU
	EndGlobalSection
	GlobalSection(ProjectConfigurationPlatforms) = postSolution
		{65B33A81-DF5C-48B5-A765-0A90DDC54FFE}.Debug|Any CPU.ActiveCfg = Debug|Any CPU
		{65B33A81-DF5C-48B5-A765-0A90DDC54FFE}.Debug|Any CPU.Build.0 = Debug|Any CPU
		{65B33A81-DF5C-48B5-A765-0A90DDC54FFE}.Release|Any CPU.ActiveCfg = Release|Any CPU
		{65B33A81-DF5C-48B5-A765-0A90DDC54FFE}.Release|Any CPU.Build.0 = Release|Any CPU
	EndGlobalSection
	GlobalSection(SolutionProperties) = preSolution
		HideSolutionNode = FALSE
	EndGlobalSection
	GlobalSection(ExtensibilityGlobals) = postSolution
		SolutionGuid = {22DC9001-3CC1-491A-A097-722EFBA725D7}
	EndGlobalSection
EndGlobal
