
Microsoft Visual Studio Solution File, Format Version 12.00
# Visual Studio Version 16
VisualStudioVersion = 16.0.29001.49
MinimumVisualStudioVersion = 10.0.40219.1
Project("{FAE04EC0-301F-11D3-BF4B-00C04F79EFBC}") = "TicTacToeConsole", "TicTacToeConsole\TicTacToeConsole.csproj", "{D5A1BECA-959A-47CA-8D78-5F197C616F15}"
EndProject
Global
	GlobalSection(SolutionConfigurationPlatforms) = preSolution
		Debug|Any CPU = Debug|Any CPU
		Release|Any CPU = Release|Any CPU
	EndGlobalSection
	GlobalSection(ProjectConfigurationPlatforms) = postSolution
		{D5A1BECA-959A-47CA-8D78-5F197C616F15}.Debug|Any CPU.ActiveCfg = Debug|Any CPU
		{D5A1BECA-959A-47CA-8D78-5F197C616F15}.Debug|Any CPU.Build.0 = Debug|Any CPU
		{D5A1BECA-959A-47CA-8D78-5F197C616F15}.Release|Any CPU.ActiveCfg = Release|Any CPU
		{D5A1BECA-959A-47CA-8D78-5F197C616F15}.Release|Any CPU.Build.0 = Release|Any CPU
	EndGlobalSection
	GlobalSection(SolutionProperties) = preSolution
		HideSolutionNode = FALSE
	EndGlobalSection
	GlobalSection(ExtensibilityGlobals) = postSolution
		SolutionGuid = {5DCE7C77-F4B2-49E2-9BC7-A09334B5701E}
	EndGlobalSection
EndGlobal
